schema: '2.0'
stages:
  data_ingestion:
    cmd: python src/data/data_ingestion.py
    deps:
    - path: src/data/data_ingestion.py
      hash: md5
      md5: 17e643086f24ceeafa06c711a56cfea5
      size: 3397
    params:
      params.yaml:
        data_ingestion.test_size: 0.25
    outs:
    - path: data/raw
      hash: md5
      md5: 4cb13be77d38db01f1457549ce0e0406.dir
      size: 649243
      nfiles: 2
  data_preprocessing:
    cmd: python src/data/data_preprocessing.py
    deps:
    - path: data/raw
      hash: md5
      md5: 4cb13be77d38db01f1457549ce0e0406.dir
      size: 649243
      nfiles: 2
    - path: src/data/data_preprocessing.py
      hash: md5
      md5: a0d0986f1695b3e851d0f37dad4451b8
      size: 2909
    outs:
    - path: data/interim
      hash: md5
      md5: 9f8e59825be36031c3bcb52f68675723.dir
      size: 401173
      nfiles: 2
  feature_engineering:
    cmd: python src/features/feature_engineering.py
    deps:
    - path: data/interim
      hash: md5
      md5: 9f8e59825be36031c3bcb52f68675723.dir
      size: 401173
      nfiles: 2
    - path: src/features/feature_engineering.py
      hash: md5
      md5: cfaf71fa8bd1fae8af5abc3cbbe3387b
      size: 3447
    params:
      params.yaml:
        feature_engineering.max_features: 80
    outs:
    - path: data/processed
      hash: md5
      md5: 3219726b46d8c36e0e81b3e1aa18ec33.dir
      size: 82063
      nfiles: 2
    - path: models/vectorizer.pkl
      hash: md5
      md5: 4dfcaa24d271d0d4e7f7c7d45a505997
      size: 2349
  model_building:
    cmd: python src/model/model_building.py
    deps:
    - path: data/processed
      hash: md5
      md5: 3219726b46d8c36e0e81b3e1aa18ec33.dir
      size: 82063
      nfiles: 2
    - path: src/model/model_building.py
      hash: md5
      md5: 5262c77711462ba3ee484a3828aa413f
      size: 1859
    outs:
    - path: models/model.pkl
      hash: md5
      md5: b05e9efc98babe027c3849da215f43a6
      size: 1354
  model_evaluation:
    cmd: python src/model/model_evaluation.py
    deps:
    - path: models/model.pkl
      hash: md5
      md5: b05e9efc98babe027c3849da215f43a6
      size: 1354
    - path: src/model/model_evaluation.py
      hash: md5
      md5: f1ddb6ea84fad23c9d1df7c4b9e7b4be
      size: 5581
    outs:
    - path: reports/experiment_info.json
      hash: md5
      md5: a1b179e2c861f3821c5453021a49aa21
      size: 82
    - path: reports/metrics.json
      hash: md5
      md5: 4458c67e3c47ff4fe3050a3f23e64c2f
      size: 132
  model_registration:
    cmd: python src/model/register_model.py
    deps:
    - path: reports/experiment_info.json
      hash: md5
      md5: a1b179e2c861f3821c5453021a49aa21
      size: 82
    - path: src/model/register_model.py
      hash: md5
      md5: 4c4db92cb78a6c3740596dfcae7a4d6a
      size: 3155
